
Microsoft Visual Studio Solution File, Format Version 12.00
# Visual Studio 15
VisualStudioVersion = 15.0.28307.1062
MinimumVisualStudioVersion = 10.0.40219.1
Project("{9A19103F-16F7-4668-BE54-9A1E7A4F7556}") = "OpenFL.Cloud", "OpenFL.Cloud\OpenFL.Cloud.csproj", "{6A7F356B-26E1-4CD4-A498-0E562872BEFE}"
EndProject
Project("{2150E333-8FDC-42A3-9474-1A3956D46DE8}") = "FL", "FL", "{2233FC46-9CEC-4D3E-8717-96E573E5BE14}"
EndProject
Project("{2150E333-8FDC-42A3-9474-1A3956D46DE8}") = "CL", "CL", "{C322A1CD-E424-4D59-A714-08D859A40575}"
EndProject
Project("{9A19103F-16F7-4668-BE54-9A1E7A4F7556}") = "OpenFL.Cloud.Console", "OpenFL.Cloud.Console\OpenFL.Cloud.Console.csproj", "{173F18A7-3397-4FFD-8983-7A5DD3F338A6}"
EndProject
Project("{9A19103F-16F7-4668-BE54-9A1E7A4F7556}") = "OpenCL.NET", "..\deps\OpenFL.Commandline\deps\OpenFL\deps\OpenCL.Wrapper\deps\OpenCL\src\OpenCL\OpenCL.NET.csproj", "{13D6960A-51DB-42A1-BEA5-D532646F1B5E}"
EndProject
Project("{9A19103F-16F7-4668-BE54-9A1E7A4F7556}") = "OpenCL.Wrapper", "..\deps\OpenFL.Commandline\deps\OpenFL\deps\OpenCL.Wrapper\src\OpenCL.Wrapper\OpenCL.Wrapper.csproj", "{F09F1075-FE20-454D-9588-4F2F4FD3AFF0}"
EndProject
Project("{9A19103F-16F7-4668-BE54-9A1E7A4F7556}") = "Utility", "..\deps\OpenFL.Commandline\deps\OpenFL\deps\OpenCL.Wrapper\deps\Utility\src\Utility\Utility.csproj", "{9DDA5ADB-C7E9-4F9D-9EB7-FEC925B48EC2}"
EndProject
Project("{9A19103F-16F7-4668-BE54-9A1E7A4F7556}") = "OpenFL", "..\deps\OpenFL.Commandline\deps\OpenFL\src\OpenFL\OpenFL.csproj", "{8572AC21-F876-4CD1-931D-0A9B84811F65}"
EndProject
Project("{2150E333-8FDC-42A3-9474-1A3956D46DE8}") = "Commandline", "Commandline", "{F498BD1C-2B94-45D8-89E1-1E51F65741C4}"
EndProject
Project("{9A19103F-16F7-4668-BE54-9A1E7A4F7556}") = "CommandlineSystem", "..\deps\OpenFL.Commandline\deps\CommandlineSystem\src\CommandlineSystem\CommandlineSystem.csproj", "{58452EB0-ADA4-40E4-8B83-1568F38F8FF1}"
EndProject
Project("{9A19103F-16F7-4668-BE54-9A1E7A4F7556}") = "PluginSystem", "..\deps\OpenFL.Commandline\deps\PluginSystem.Repository\deps\PluginSystem\src\PluginSystem\PluginSystem.csproj", "{DF0EFCAA-37C0-47FC-AACC-F96C589A5ABC}"
EndProject
Project("{9A19103F-16F7-4668-BE54-9A1E7A4F7556}") = "PluginSystem.Repository", "..\deps\OpenFL.Commandline\deps\PluginSystem.Repository\src\PluginSystem.Repository\PluginSystem.Repository.csproj", "{3D3D2BFB-8CEE-4D74-AC29-12E821DFAF11}"
EndProject
Project("{9A19103F-16F7-4668-BE54-9A1E7A4F7556}") = "PluginSystem", "..\deps\OpenFL.Commandline\deps\OpenFL\deps\PluginSystem\src\PluginSystem\PluginSystem.csproj", "{29393710-0EDF-4B21-9A7F-4BDC94E060C2}"
EndProject
Project("{9A19103F-16F7-4668-BE54-9A1E7A4F7556}") = "OpenFL.Commandline.Core", "..\deps\OpenFL.Commandline\src\OpenFL.Commandline.Core\OpenFL.Commandline.Core.csproj", "{73EC43B8-090A-4652-A0C7-336E5DA056C8}"
EndProject
Global
	GlobalSection(SolutionConfigurationPlatforms) = preSolution
		Debug|Any CPU = Debug|Any CPU
		Release|Any CPU = Release|Any CPU
	EndGlobalSection
	GlobalSection(ProjectConfigurationPlatforms) = postSolution
		{6A7F356B-26E1-4CD4-A498-0E562872BEFE}.Debug|Any CPU.ActiveCfg = Debug|Any CPU
		{6A7F356B-26E1-4CD4-A498-0E562872BEFE}.Debug|Any CPU.Build.0 = Debug|Any CPU
		{6A7F356B-26E1-4CD4-A498-0E562872BEFE}.Release|Any CPU.ActiveCfg = Release|Any CPU
		{6A7F356B-26E1-4CD4-A498-0E562872BEFE}.Release|Any CPU.Build.0 = Release|Any CPU
		{173F18A7-3397-4FFD-8983-7A5DD3F338A6}.Debug|Any CPU.ActiveCfg = Debug|Any CPU
		{173F18A7-3397-4FFD-8983-7A5DD3F338A6}.Debug|Any CPU.Build.0 = Debug|Any CPU
		{173F18A7-3397-4FFD-8983-7A5DD3F338A6}.Release|Any CPU.ActiveCfg = Release|Any CPU
		{173F18A7-3397-4FFD-8983-7A5DD3F338A6}.Release|Any CPU.Build.0 = Release|Any CPU
		{13D6960A-51DB-42A1-BEA5-D532646F1B5E}.Debug|Any CPU.ActiveCfg = Debug|Any CPU
		{13D6960A-51DB-42A1-BEA5-D532646F1B5E}.Debug|Any CPU.Build.0 = Debug|Any CPU
		{13D6960A-51DB-42A1-BEA5-D532646F1B5E}.Release|Any CPU.ActiveCfg = Release|Any CPU
		{13D6960A-51DB-42A1-BEA5-D532646F1B5E}.Release|Any CPU.Build.0 = Release|Any CPU
		{F09F1075-FE20-454D-9588-4F2F4FD3AFF0}.Debug|Any CPU.ActiveCfg = Debug|Any CPU
		{F09F1075-FE20-454D-9588-4F2F4FD3AFF0}.Debug|Any CPU.Build.0 = Debug|Any CPU
		{F09F1075-FE20-454D-9588-4F2F4FD3AFF0}.Release|Any CPU.ActiveCfg = Release|Any CPU
		{F09F1075-FE20-454D-9588-4F2F4FD3AFF0}.Release|Any CPU.Build.0 = Release|Any CPU
		{9DDA5ADB-C7E9-4F9D-9EB7-FEC925B48EC2}.Debug|Any CPU.ActiveCfg = Debug|Any CPU
		{9DDA5ADB-C7E9-4F9D-9EB7-FEC925B48EC2}.Debug|Any CPU.Build.0 = Debug|Any CPU
		{9DDA5ADB-C7E9-4F9D-9EB7-FEC925B48EC2}.Release|Any CPU.ActiveCfg = Release|Any CPU
		{9DDA5ADB-C7E9-4F9D-9EB7-FEC925B48EC2}.Release|Any CPU.Build.0 = Release|Any CPU
		{8572AC21-F876-4CD1-931D-0A9B84811F65}.Debug|Any CPU.ActiveCfg = Debug|Any CPU
		{8572AC21-F876-4CD1-931D-0A9B84811F65}.Debug|Any CPU.Build.0 = Debug|Any CPU
		{8572AC21-F876-4CD1-931D-0A9B84811F65}.Release|Any CPU.ActiveCfg = Release|Any CPU
		{8572AC21-F876-4CD1-931D-0A9B84811F65}.Release|Any CPU.Build.0 = Release|Any CPU
		{58452EB0-ADA4-40E4-8B83-1568F38F8FF1}.Debug|Any CPU.ActiveCfg = Debug|Any CPU
		{58452EB0-ADA4-40E4-8B83-1568F38F8FF1}.Debug|Any CPU.Build.0 = Debug|Any CPU
		{58452EB0-ADA4-40E4-8B83-1568F38F8FF1}.Release|Any CPU.ActiveCfg = Release|Any CPU
		{58452EB0-ADA4-40E4-8B83-1568F38F8FF1}.Release|Any CPU.Build.0 = Release|Any CPU
		{DF0EFCAA-37C0-47FC-AACC-F96C589A5ABC}.Debug|Any CPU.ActiveCfg = Debug|Any CPU
		{DF0EFCAA-37C0-47FC-AACC-F96C589A5ABC}.Debug|Any CPU.Build.0 = Debug|Any CPU
		{DF0EFCAA-37C0-47FC-AACC-F96C589A5ABC}.Release|Any CPU.ActiveCfg = Release|Any CPU
		{DF0EFCAA-37C0-47FC-AACC-F96C589A5ABC}.Release|Any CPU.Build.0 = Release|Any CPU
		{3D3D2BFB-8CEE-4D74-AC29-12E821DFAF11}.Debug|Any CPU.ActiveCfg = Debug|Any CPU
		{3D3D2BFB-8CEE-4D74-AC29-12E821DFAF11}.Debug|Any CPU.Build.0 = Debug|Any CPU
		{3D3D2BFB-8CEE-4D74-AC29-12E821DFAF11}.Release|Any CPU.ActiveCfg = Release|Any CPU
		{3D3D2BFB-8CEE-4D74-AC29-12E821DFAF11}.Release|Any CPU.Build.0 = Release|Any CPU
		{29393710-0EDF-4B21-9A7F-4BDC94E060C2}.Debug|Any CPU.ActiveCfg = Debug|Any CPU
		{29393710-0EDF-4B21-9A7F-4BDC94E060C2}.Debug|Any CPU.Build.0 = Debug|Any CPU
		{29393710-0EDF-4B21-9A7F-4BDC94E060C2}.Release|Any CPU.ActiveCfg = Release|Any CPU
		{29393710-0EDF-4B21-9A7F-4BDC94E060C2}.Release|Any CPU.Build.0 = Release|Any CPU
		{73EC43B8-090A-4652-A0C7-336E5DA056C8}.Debug|Any CPU.ActiveCfg = Debug|Any CPU
		{73EC43B8-090A-4652-A0C7-336E5DA056C8}.Debug|Any CPU.Build.0 = Debug|Any CPU
		{73EC43B8-090A-4652-A0C7-336E5DA056C8}.Release|Any CPU.ActiveCfg = Release|Any CPU
		{73EC43B8-090A-4652-A0C7-336E5DA056C8}.Release|Any CPU.Build.0 = Release|Any CPU
	EndGlobalSection
	GlobalSection(SolutionProperties) = preSolution
		HideSolutionNode = FALSE
	EndGlobalSection
	GlobalSection(NestedProjects) = preSolution
		{C322A1CD-E424-4D59-A714-08D859A40575} = {2233FC46-9CEC-4D3E-8717-96E573E5BE14}
		{13D6960A-51DB-42A1-BEA5-D532646F1B5E} = {C322A1CD-E424-4D59-A714-08D859A40575}
		{F09F1075-FE20-454D-9588-4F2F4FD3AFF0} = {C322A1CD-E424-4D59-A714-08D859A40575}
		{9DDA5ADB-C7E9-4F9D-9EB7-FEC925B48EC2} = {C322A1CD-E424-4D59-A714-08D859A40575}
		{8572AC21-F876-4CD1-931D-0A9B84811F65} = {2233FC46-9CEC-4D3E-8717-96E573E5BE14}
		{58452EB0-ADA4-40E4-8B83-1568F38F8FF1} = {F498BD1C-2B94-45D8-89E1-1E51F65741C4}
		{DF0EFCAA-37C0-47FC-AACC-F96C589A5ABC} = {F498BD1C-2B94-45D8-89E1-1E51F65741C4}
		{3D3D2BFB-8CEE-4D74-AC29-12E821DFAF11} = {F498BD1C-2B94-45D8-89E1-1E51F65741C4}
		{29393710-0EDF-4B21-9A7F-4BDC94E060C2} = {2233FC46-9CEC-4D3E-8717-96E573E5BE14}
		{73EC43B8-090A-4652-A0C7-336E5DA056C8} = {F498BD1C-2B94-45D8-89E1-1E51F65741C4}
	EndGlobalSection
	GlobalSection(ExtensibilityGlobals) = postSolution
		SolutionGuid = {B85984FE-BD16-44C9-B580-7B072411CAD1}
	EndGlobalSection
EndGlobal
