
Microsoft Visual Studio Solution File, Format Version 12.00
# Visual Studio 15
VisualStudioVersion = 15.0.28307.1062
MinimumVisualStudioVersion = 10.0.40219.1
Project("{9A19103F-16F7-4668-BE54-9A1E7A4F7556}") = "OpenFL.Cloud", "OpenFL.Cloud\OpenFL.Cloud.csproj", "{6A7F356B-26E1-4CD4-A498-0E562872BEFE}"
EndProject
Project("{2150E333-8FDC-42A3-9474-1A3956D46DE8}") = "FL", "FL", "{2233FC46-9CEC-4D3E-8717-96E573E5BE14}"
EndProject
Project("{2150E333-8FDC-42A3-9474-1A3956D46DE8}") = "CL", "CL", "{C322A1CD-E424-4D59-A714-08D859A40575}"
EndProject
Project("{9A19103F-16F7-4668-BE54-9A1E7A4F7556}") = "OpenCL.NET", "..\deps\OpenFL\deps\OpenCL.Wrapper\deps\OpenCL\src\OpenCL\OpenCL.NET.csproj", "{10B5148A-319D-414C-A0D0-AB95B9B036EB}"
EndProject
Project("{9A19103F-16F7-4668-BE54-9A1E7A4F7556}") = "OpenCL.Wrapper", "..\deps\OpenFL\deps\OpenCL.Wrapper\src\OpenCL.Wrapper\OpenCL.Wrapper.csproj", "{AC2693BB-B3C5-4CBA-8F09-2B529D36684A}"
EndProject
Project("{9A19103F-16F7-4668-BE54-9A1E7A4F7556}") = "OpenFL", "..\deps\OpenFL\src\OpenFL\OpenFL.csproj", "{7391A553-BFE7-492B-9892-0B25BDBDF4E8}"
EndProject
Project("{9A19103F-16F7-4668-BE54-9A1E7A4F7556}") = "Utility", "..\deps\OpenFL\deps\OpenCL.Wrapper\deps\Utility\src\Utility\Utility.csproj", "{4A96BFCC-8DBF-460C-90F0-4410A816208D}"
EndProject
Project("{9A19103F-16F7-4668-BE54-9A1E7A4F7556}") = "PluginSystem", "..\deps\OpenFL\deps\PluginSystem\src\PluginSystem\PluginSystem.csproj", "{BB1A0BB8-3162-45F5-AEA2-552D32054D09}"
EndProject
Project("{9A19103F-16F7-4668-BE54-9A1E7A4F7556}") = "OpenFL.Cloud.Console", "OpenFL.Cloud.Console\OpenFL.Cloud.Console.csproj", "{173F18A7-3397-4FFD-8983-7A5DD3F338A6}"
EndProject
Global
	GlobalSection(SolutionConfigurationPlatforms) = preSolution
		Debug|Any CPU = Debug|Any CPU
		Release|Any CPU = Release|Any CPU
	EndGlobalSection
	GlobalSection(ProjectConfigurationPlatforms) = postSolution
		{6A7F356B-26E1-4CD4-A498-0E562872BEFE}.Debug|Any CPU.ActiveCfg = Debug|Any CPU
		{6A7F356B-26E1-4CD4-A498-0E562872BEFE}.Debug|Any CPU.Build.0 = Debug|Any CPU
		{6A7F356B-26E1-4CD4-A498-0E562872BEFE}.Release|Any CPU.ActiveCfg = Release|Any CPU
		{6A7F356B-26E1-4CD4-A498-0E562872BEFE}.Release|Any CPU.Build.0 = Release|Any CPU
		{10B5148A-319D-414C-A0D0-AB95B9B036EB}.Debug|Any CPU.ActiveCfg = Debug|Any CPU
		{10B5148A-319D-414C-A0D0-AB95B9B036EB}.Debug|Any CPU.Build.0 = Debug|Any CPU
		{10B5148A-319D-414C-A0D0-AB95B9B036EB}.Release|Any CPU.ActiveCfg = Release|Any CPU
		{10B5148A-319D-414C-A0D0-AB95B9B036EB}.Release|Any CPU.Build.0 = Release|Any CPU
		{AC2693BB-B3C5-4CBA-8F09-2B529D36684A}.Debug|Any CPU.ActiveCfg = Debug|Any CPU
		{AC2693BB-B3C5-4CBA-8F09-2B529D36684A}.Debug|Any CPU.Build.0 = Debug|Any CPU
		{AC2693BB-B3C5-4CBA-8F09-2B529D36684A}.Release|Any CPU.ActiveCfg = Release|Any CPU
		{AC2693BB-B3C5-4CBA-8F09-2B529D36684A}.Release|Any CPU.Build.0 = Release|Any CPU
		{7391A553-BFE7-492B-9892-0B25BDBDF4E8}.Debug|Any CPU.ActiveCfg = Debug|Any CPU
		{7391A553-BFE7-492B-9892-0B25BDBDF4E8}.Debug|Any CPU.Build.0 = Debug|Any CPU
		{7391A553-BFE7-492B-9892-0B25BDBDF4E8}.Release|Any CPU.ActiveCfg = Release|Any CPU
		{7391A553-BFE7-492B-9892-0B25BDBDF4E8}.Release|Any CPU.Build.0 = Release|Any CPU
		{4A96BFCC-8DBF-460C-90F0-4410A816208D}.Debug|Any CPU.ActiveCfg = Debug|Any CPU
		{4A96BFCC-8DBF-460C-90F0-4410A816208D}.Debug|Any CPU.Build.0 = Debug|Any CPU
		{4A96BFCC-8DBF-460C-90F0-4410A816208D}.Release|Any CPU.ActiveCfg = Release|Any CPU
		{4A96BFCC-8DBF-460C-90F0-4410A816208D}.Release|Any CPU.Build.0 = Release|Any CPU
		{BB1A0BB8-3162-45F5-AEA2-552D32054D09}.Debug|Any CPU.ActiveCfg = Debug|Any CPU
		{BB1A0BB8-3162-45F5-AEA2-552D32054D09}.Debug|Any CPU.Build.0 = Debug|Any CPU
		{BB1A0BB8-3162-45F5-AEA2-552D32054D09}.Release|Any CPU.ActiveCfg = Release|Any CPU
		{BB1A0BB8-3162-45F5-AEA2-552D32054D09}.Release|Any CPU.Build.0 = Release|Any CPU
		{173F18A7-3397-4FFD-8983-7A5DD3F338A6}.Debug|Any CPU.ActiveCfg = Debug|Any CPU
		{173F18A7-3397-4FFD-8983-7A5DD3F338A6}.Debug|Any CPU.Build.0 = Debug|Any CPU
		{173F18A7-3397-4FFD-8983-7A5DD3F338A6}.Release|Any CPU.ActiveCfg = Release|Any CPU
		{173F18A7-3397-4FFD-8983-7A5DD3F338A6}.Release|Any CPU.Build.0 = Release|Any CPU
	EndGlobalSection
	GlobalSection(SolutionProperties) = preSolution
		HideSolutionNode = FALSE
	EndGlobalSection
	GlobalSection(NestedProjects) = preSolution
		{C322A1CD-E424-4D59-A714-08D859A40575} = {2233FC46-9CEC-4D3E-8717-96E573E5BE14}
		{10B5148A-319D-414C-A0D0-AB95B9B036EB} = {C322A1CD-E424-4D59-A714-08D859A40575}
		{AC2693BB-B3C5-4CBA-8F09-2B529D36684A} = {C322A1CD-E424-4D59-A714-08D859A40575}
		{7391A553-BFE7-492B-9892-0B25BDBDF4E8} = {2233FC46-9CEC-4D3E-8717-96E573E5BE14}
	EndGlobalSection
	GlobalSection(ExtensibilityGlobals) = postSolution
		SolutionGuid = {B85984FE-BD16-44C9-B580-7B072411CAD1}
	EndGlobalSection
EndGlobal
